
Microsoft Visual Studio Solution File, Format Version 12.00
# Visual Studio Version 17
VisualStudioVersion = 17.9.34723.18
MinimumVisualStudioVersion = 10.0.40219.1
Project("{FAE04EC0-301F-11D3-BF4B-00C04F79EFBC}") = "UP02 Maykova", "UP02 Maykova\UP02 Maykova.csproj", "{BE037E21-5D46-4A68-BF32-A9962B6F5650}"
EndProject
Global
	GlobalSection(SolutionConfigurationPlatforms) = preSolution
		Debug|Any CPU = Debug|Any CPU
		Release|Any CPU = Release|Any CPU
	EndGlobalSection
	GlobalSection(ProjectConfigurationPlatforms) = postSolution
		{BE037E21-5D46-4A68-BF32-A9962B6F5650}.Debug|Any CPU.ActiveCfg = Debug|Any CPU
		{BE037E21-5D46-4A68-BF32-A9962B6F5650}.Debug|Any CPU.Build.0 = Debug|Any CPU
		{BE037E21-5D46-4A68-BF32-A9962B6F5650}.Release|Any CPU.ActiveCfg = Release|Any CPU
		{BE037E21-5D46-4A68-BF32-A9962B6F5650}.Release|Any CPU.Build.0 = Release|Any CPU
	EndGlobalSection
	GlobalSection(SolutionProperties) = preSolution
		HideSolutionNode = FALSE
	EndGlobalSection
	GlobalSection(ExtensibilityGlobals) = postSolution
		SolutionGuid = {2346F2DC-90BF-4F6B-A4A1-E4D51C11F565}
	EndGlobalSection
EndGlobal
